
Microsoft Visual Studio Solution File, Format Version 12.00
# Visual Studio 14
VisualStudioVersion = 14.0.24720.0
MinimumVisualStudioVersion = 10.0.40219.1
Project("{FAE04EC0-301F-11D3-BF4B-00C04F79EFBC}") = "AnimatedButtonsStark.Droid", "AnimatedButtonsStark\AnimatedButtonsStark.Droid\AnimatedButtonsStark.Droid.csproj", "{CF24A42D-7F3C-481F-A94F-1503E75A67AA}"
EndProject
Project("{FAE04EC0-301F-11D3-BF4B-00C04F79EFBC}") = "AnimatedButtonsStark.iOS", "AnimatedButtonsStark\AnimatedButtonsStark.iOS\AnimatedButtonsStark.iOS.csproj", "{656ABBB1-F2E6-4725-AE5F-AA09BC1E1AAF}"
EndProject
Project("{FAE04EC0-301F-11D3-BF4B-00C04F79EFBC}") = "AnimatedButtonsStark.WinPhone", "AnimatedButtonsStark\AnimatedButtonsStark.WinPhone\AnimatedButtonsStark.WinPhone.csproj", "{74C4999B-9659-48BC-AB5C-326FF7E4BCE8}"
EndProject
Project("{FAE04EC0-301F-11D3-BF4B-00C04F79EFBC}") = "AnimatedButtonsStark.UWP", "AnimatedButtonsStark\AnimatedButtonsStark.UWP\AnimatedButtonsStark.UWP.csproj", "{1A9E0A37-95B6-4BBF-81C7-18E07E6BB537}"
EndProject
Project("{FAE04EC0-301F-11D3-BF4B-00C04F79EFBC}") = "AnimatedButtonsStark.Windows", "AnimatedButtonsStark\AnimatedButtonsStark.Windows\AnimatedButtonsStark.Windows.csproj", "{F02D4842-79A4-49E9-BBD7-A6C6BFD82EC3}"
EndProject
Project("{FAE04EC0-301F-11D3-BF4B-00C04F79EFBC}") = "AnimatedButtonsStark", "AnimatedButtonsStark\AnimatedButtonsStark\AnimatedButtonsStark.csproj", "{A688BA00-2374-4A51-AFF4-02FDE3833A5C}"
EndProject
Global
	GlobalSection(SolutionConfigurationPlatforms) = preSolution
		Ad-Hoc|Any CPU = Ad-Hoc|Any CPU
		Ad-Hoc|ARM = Ad-Hoc|ARM
		Ad-Hoc|iPhone = Ad-Hoc|iPhone
		Ad-Hoc|iPhoneSimulator = Ad-Hoc|iPhoneSimulator
		Ad-Hoc|x64 = Ad-Hoc|x64
		Ad-Hoc|x86 = Ad-Hoc|x86
		AppStore|Any CPU = AppStore|Any CPU
		AppStore|ARM = AppStore|ARM
		AppStore|iPhone = AppStore|iPhone
		AppStore|iPhoneSimulator = AppStore|iPhoneSimulator
		AppStore|x64 = AppStore|x64
		AppStore|x86 = AppStore|x86
		Debug|Any CPU = Debug|Any CPU
		Debug|ARM = Debug|ARM
		Debug|iPhone = Debug|iPhone
		Debug|iPhoneSimulator = Debug|iPhoneSimulator
		Debug|x64 = Debug|x64
		Debug|x86 = Debug|x86
		Release|Any CPU = Release|Any CPU
		Release|ARM = Release|ARM
		Release|iPhone = Release|iPhone
		Release|iPhoneSimulator = Release|iPhoneSimulator
		Release|x64 = Release|x64
		Release|x86 = Release|x86
	EndGlobalSection
	GlobalSection(ProjectConfigurationPlatforms) = postSolution
		{CF24A42D-7F3C-481F-A94F-1503E75A67AA}.Ad-Hoc|Any CPU.ActiveCfg = Release|Any CPU
		{CF24A42D-7F3C-481F-A94F-1503E75A67AA}.Ad-Hoc|Any CPU.Build.0 = Release|Any CPU
		{CF24A42D-7F3C-481F-A94F-1503E75A67AA}.Ad-Hoc|Any CPU.Deploy.0 = Release|Any CPU
		{CF24A42D-7F3C-481F-A94F-1503E75A67AA}.Ad-Hoc|ARM.ActiveCfg = Release|Any CPU
		{CF24A42D-7F3C-481F-A94F-1503E75A67AA}.Ad-Hoc|ARM.Build.0 = Release|Any CPU
		{CF24A42D-7F3C-481F-A94F-1503E75A67AA}.Ad-Hoc|ARM.Deploy.0 = Release|Any CPU
		{CF24A42D-7F3C-481F-A94F-1503E75A67AA}.Ad-Hoc|iPhone.ActiveCfg = Release|Any CPU
		{CF24A42D-7F3C-481F-A94F-1503E75A67AA}.Ad-Hoc|iPhone.Build.0 = Release|Any CPU
		{CF24A42D-7F3C-481F-A94F-1503E75A67AA}.Ad-Hoc|iPhone.Deploy.0 = Release|Any CPU
		{CF24A42D-7F3C-481F-A94F-1503E75A67AA}.Ad-Hoc|iPhoneSimulator.ActiveCfg = Release|Any CPU
		{CF24A42D-7F3C-481F-A94F-1503E75A67AA}.Ad-Hoc|iPhoneSimulator.Build.0 = Release|Any CPU
		{CF24A42D-7F3C-481F-A94F-1503E75A67AA}.Ad-Hoc|iPhoneSimulator.Deploy.0 = Release|Any CPU
		{CF24A42D-7F3C-481F-A94F-1503E75A67AA}.Ad-Hoc|x64.ActiveCfg = Release|Any CPU
		{CF24A42D-7F3C-481F-A94F-1503E75A67AA}.Ad-Hoc|x64.Build.0 = Release|Any CPU
		{CF24A42D-7F3C-481F-A94F-1503E75A67AA}.Ad-Hoc|x64.Deploy.0 = Release|Any CPU
		{CF24A42D-7F3C-481F-A94F-1503E75A67AA}.Ad-Hoc|x86.ActiveCfg = Release|Any CPU
		{CF24A42D-7F3C-481F-A94F-1503E75A67AA}.Ad-Hoc|x86.Build.0 = Release|Any CPU
		{CF24A42D-7F3C-481F-A94F-1503E75A67AA}.Ad-Hoc|x86.Deploy.0 = Release|Any CPU
		{CF24A42D-7F3C-481F-A94F-1503E75A67AA}.AppStore|Any CPU.ActiveCfg = Release|Any CPU
		{CF24A42D-7F3C-481F-A94F-1503E75A67AA}.AppStore|Any CPU.Build.0 = Release|Any CPU
		{CF24A42D-7F3C-481F-A94F-1503E75A67AA}.AppStore|Any CPU.Deploy.0 = Release|Any CPU
		{CF24A42D-7F3C-481F-A94F-1503E75A67AA}.AppStore|ARM.ActiveCfg = Release|Any CPU
		{CF24A42D-7F3C-481F-A94F-1503E75A67AA}.AppStore|ARM.Build.0 = Release|Any CPU
		{CF24A42D-7F3C-481F-A94F-1503E75A67AA}.AppStore|ARM.Deploy.0 = Release|Any CPU
		{CF24A42D-7F3C-481F-A94F-1503E75A67AA}.AppStore|iPhone.ActiveCfg = Release|Any CPU
		{CF24A42D-7F3C-481F-A94F-1503E75A67AA}.AppStore|iPhone.Build.0 = Release|Any CPU
		{CF24A42D-7F3C-481F-A94F-1503E75A67AA}.AppStore|iPhone.Deploy.0 = Release|Any CPU
		{CF24A42D-7F3C-481F-A94F-1503E75A67AA}.AppStore|iPhoneSimulator.ActiveCfg = Release|Any CPU
		{CF24A42D-7F3C-481F-A94F-1503E75A67AA}.AppStore|iPhoneSimulator.Build.0 = Release|Any CPU
		{CF24A42D-7F3C-481F-A94F-1503E75A67AA}.AppStore|iPhoneSimulator.Deploy.0 = Release|Any CPU
		{CF24A42D-7F3C-481F-A94F-1503E75A67AA}.AppStore|x64.ActiveCfg = Release|Any CPU
		{CF24A42D-7F3C-481F-A94F-1503E75A67AA}.AppStore|x64.Build.0 = Release|Any CPU
		{CF24A42D-7F3C-481F-A94F-1503E75A67AA}.AppStore|x64.Deploy.0 = Release|Any CPU
		{CF24A42D-7F3C-481F-A94F-1503E75A67AA}.AppStore|x86.ActiveCfg = Release|Any CPU
		{CF24A42D-7F3C-481F-A94F-1503E75A67AA}.AppStore|x86.Build.0 = Release|Any CPU
		{CF24A42D-7F3C-481F-A94F-1503E75A67AA}.AppStore|x86.Deploy.0 = Release|Any CPU
		{CF24A42D-7F3C-481F-A94F-1503E75A67AA}.Debug|Any CPU.ActiveCfg = Debug|Any CPU
		{CF24A42D-7F3C-481F-A94F-1503E75A67AA}.Debug|Any CPU.Build.0 = Debug|Any CPU
		{CF24A42D-7F3C-481F-A94F-1503E75A67AA}.Debug|Any CPU.Deploy.0 = Debug|Any CPU
		{CF24A42D-7F3C-481F-A94F-1503E75A67AA}.Debug|ARM.ActiveCfg = Debug|Any CPU
		{CF24A42D-7F3C-481F-A94F-1503E75A67AA}.Debug|ARM.Build.0 = Debug|Any CPU
		{CF24A42D-7F3C-481F-A94F-1503E75A67AA}.Debug|ARM.Deploy.0 = Debug|Any CPU
		{CF24A42D-7F3C-481F-A94F-1503E75A67AA}.Debug|iPhone.ActiveCfg = Debug|Any CPU
		{CF24A42D-7F3C-481F-A94F-1503E75A67AA}.Debug|iPhone.Build.0 = Debug|Any CPU
		{CF24A42D-7F3C-481F-A94F-1503E75A67AA}.Debug|iPhone.Deploy.0 = Debug|Any CPU
		{CF24A42D-7F3C-481F-A94F-1503E75A67AA}.Debug|iPhoneSimulator.ActiveCfg = Debug|Any CPU
		{CF24A42D-7F3C-481F-A94F-1503E75A67AA}.Debug|iPhoneSimulator.Build.0 = Debug|Any CPU
		{CF24A42D-7F3C-481F-A94F-1503E75A67AA}.Debug|iPhoneSimulator.Deploy.0 = Debug|Any CPU
		{CF24A42D-7F3C-481F-A94F-1503E75A67AA}.Debug|x64.ActiveCfg = Debug|Any CPU
		{CF24A42D-7F3C-481F-A94F-1503E75A67AA}.Debug|x64.Build.0 = Debug|Any CPU
		{CF24A42D-7F3C-481F-A94F-1503E75A67AA}.Debug|x64.Deploy.0 = Debug|Any CPU
		{CF24A42D-7F3C-481F-A94F-1503E75A67AA}.Debug|x86.ActiveCfg = Debug|Any CPU
		{CF24A42D-7F3C-481F-A94F-1503E75A67AA}.Debug|x86.Build.0 = Debug|Any CPU
		{CF24A42D-7F3C-481F-A94F-1503E75A67AA}.Debug|x86.Deploy.0 = Debug|Any CPU
		{CF24A42D-7F3C-481F-A94F-1503E75A67AA}.Release|Any CPU.ActiveCfg = Release|Any CPU
		{CF24A42D-7F3C-481F-A94F-1503E75A67AA}.Release|Any CPU.Build.0 = Release|Any CPU
		{CF24A42D-7F3C-481F-A94F-1503E75A67AA}.Release|Any CPU.Deploy.0 = Release|Any CPU
		{CF24A42D-7F3C-481F-A94F-1503E75A67AA}.Release|ARM.ActiveCfg = Release|Any CPU
		{CF24A42D-7F3C-481F-A94F-1503E75A67AA}.Release|ARM.Build.0 = Release|Any CPU
		{CF24A42D-7F3C-481F-A94F-1503E75A67AA}.Release|ARM.Deploy.0 = Release|Any CPU
		{CF24A42D-7F3C-481F-A94F-1503E75A67AA}.Release|iPhone.ActiveCfg = Release|Any CPU
		{CF24A42D-7F3C-481F-A94F-1503E75A67AA}.Release|iPhone.Build.0 = Release|Any CPU
		{CF24A42D-7F3C-481F-A94F-1503E75A67AA}.Release|iPhone.Deploy.0 = Release|Any CPU
		{CF24A42D-7F3C-481F-A94F-1503E75A67AA}.Release|iPhoneSimulator.ActiveCfg = Release|Any CPU
		{CF24A42D-7F3C-481F-A94F-1503E75A67AA}.Release|iPhoneSimulator.Build.0 = Release|Any CPU
		{CF24A42D-7F3C-481F-A94F-1503E75A67AA}.Release|iPhoneSimulator.Deploy.0 = Release|Any CPU
		{CF24A42D-7F3C-481F-A94F-1503E75A67AA}.Release|x64.ActiveCfg = Release|Any CPU
		{CF24A42D-7F3C-481F-A94F-1503E75A67AA}.Release|x64.Build.0 = Release|Any CPU
		{CF24A42D-7F3C-481F-A94F-1503E75A67AA}.Release|x64.Deploy.0 = Release|Any CPU
		{CF24A42D-7F3C-481F-A94F-1503E75A67AA}.Release|x86.ActiveCfg = Release|Any CPU
		{CF24A42D-7F3C-481F-A94F-1503E75A67AA}.Release|x86.Build.0 = Release|Any CPU
		{CF24A42D-7F3C-481F-A94F-1503E75A67AA}.Release|x86.Deploy.0 = Release|Any CPU
		{656ABBB1-F2E6-4725-AE5F-AA09BC1E1AAF}.Ad-Hoc|Any CPU.ActiveCfg = Ad-Hoc|iPhone
		{656ABBB1-F2E6-4725-AE5F-AA09BC1E1AAF}.Ad-Hoc|ARM.ActiveCfg = Ad-Hoc|iPhone
		{656ABBB1-F2E6-4725-AE5F-AA09BC1E1AAF}.Ad-Hoc|iPhone.ActiveCfg = Ad-Hoc|iPhone
		{656ABBB1-F2E6-4725-AE5F-AA09BC1E1AAF}.Ad-Hoc|iPhone.Build.0 = Ad-Hoc|iPhone
		{656ABBB1-F2E6-4725-AE5F-AA09BC1E1AAF}.Ad-Hoc|iPhoneSimulator.ActiveCfg = Ad-Hoc|iPhoneSimulator
		{656ABBB1-F2E6-4725-AE5F-AA09BC1E1AAF}.Ad-Hoc|iPhoneSimulator.Build.0 = Ad-Hoc|iPhoneSimulator
		{656ABBB1-F2E6-4725-AE5F-AA09BC1E1AAF}.Ad-Hoc|x64.ActiveCfg = Ad-Hoc|iPhone
		{656ABBB1-F2E6-4725-AE5F-AA09BC1E1AAF}.Ad-Hoc|x86.ActiveCfg = Ad-Hoc|iPhone
		{656ABBB1-F2E6-4725-AE5F-AA09BC1E1AAF}.AppStore|Any CPU.ActiveCfg = AppStore|iPhone
		{656ABBB1-F2E6-4725-AE5F-AA09BC1E1AAF}.AppStore|ARM.ActiveCfg = AppStore|iPhone
		{656ABBB1-F2E6-4725-AE5F-AA09BC1E1AAF}.AppStore|iPhone.ActiveCfg = AppStore|iPhone
		{656ABBB1-F2E6-4725-AE5F-AA09BC1E1AAF}.AppStore|iPhone.Build.0 = AppStore|iPhone
		{656ABBB1-F2E6-4725-AE5F-AA09BC1E1AAF}.AppStore|iPhoneSimulator.ActiveCfg = AppStore|iPhoneSimulator
		{656ABBB1-F2E6-4725-AE5F-AA09BC1E1AAF}.AppStore|iPhoneSimulator.Build.0 = AppStore|iPhoneSimulator
		{656ABBB1-F2E6-4725-AE5F-AA09BC1E1AAF}.AppStore|x64.ActiveCfg = AppStore|iPhone
		{656ABBB1-F2E6-4725-AE5F-AA09BC1E1AAF}.AppStore|x86.ActiveCfg = AppStore|iPhone
		{656ABBB1-F2E6-4725-AE5F-AA09BC1E1AAF}.Debug|Any CPU.ActiveCfg = Debug|iPhone
		{656ABBB1-F2E6-4725-AE5F-AA09BC1E1AAF}.Debug|ARM.ActiveCfg = Debug|iPhone
		{656ABBB1-F2E6-4725-AE5F-AA09BC1E1AAF}.Debug|iPhone.ActiveCfg = Debug|iPhone
		{656ABBB1-F2E6-4725-AE5F-AA09BC1E1AAF}.Debug|iPhone.Build.0 = Debug|iPhone
		{656ABBB1-F2E6-4725-AE5F-AA09BC1E1AAF}.Debug|iPhoneSimulator.ActiveCfg = Debug|iPhoneSimulator
		{656ABBB1-F2E6-4725-AE5F-AA09BC1E1AAF}.Debug|iPhoneSimulator.Build.0 = Debug|iPhoneSimulator
		{656ABBB1-F2E6-4725-AE5F-AA09BC1E1AAF}.Debug|x64.ActiveCfg = Debug|iPhone
		{656ABBB1-F2E6-4725-AE5F-AA09BC1E1AAF}.Debug|x86.ActiveCfg = Debug|iPhone
		{656ABBB1-F2E6-4725-AE5F-AA09BC1E1AAF}.Release|Any CPU.ActiveCfg = Release|iPhone
		{656ABBB1-F2E6-4725-AE5F-AA09BC1E1AAF}.Release|ARM.ActiveCfg = Release|iPhone
		{656ABBB1-F2E6-4725-AE5F-AA09BC1E1AAF}.Release|iPhone.ActiveCfg = Release|iPhone
		{656ABBB1-F2E6-4725-AE5F-AA09BC1E1AAF}.Release|iPhone.Build.0 = Release|iPhone
		{656ABBB1-F2E6-4725-AE5F-AA09BC1E1AAF}.Release|iPhoneSimulator.ActiveCfg = Release|iPhoneSimulator
		{656ABBB1-F2E6-4725-AE5F-AA09BC1E1AAF}.Release|iPhoneSimulator.Build.0 = Release|iPhoneSimulator
		{656ABBB1-F2E6-4725-AE5F-AA09BC1E1AAF}.Release|x64.ActiveCfg = Release|iPhone
		{656ABBB1-F2E6-4725-AE5F-AA09BC1E1AAF}.Release|x86.ActiveCfg = Release|iPhone
		{74C4999B-9659-48BC-AB5C-326FF7E4BCE8}.Ad-Hoc|Any CPU.ActiveCfg = Release|Any CPU
		{74C4999B-9659-48BC-AB5C-326FF7E4BCE8}.Ad-Hoc|Any CPU.Build.0 = Release|Any CPU
		{74C4999B-9659-48BC-AB5C-326FF7E4BCE8}.Ad-Hoc|Any CPU.Deploy.0 = Release|Any CPU
		{74C4999B-9659-48BC-AB5C-326FF7E4BCE8}.Ad-Hoc|ARM.ActiveCfg = Release|ARM
		{74C4999B-9659-48BC-AB5C-326FF7E4BCE8}.Ad-Hoc|ARM.Build.0 = Release|ARM
		{74C4999B-9659-48BC-AB5C-326FF7E4BCE8}.Ad-Hoc|ARM.Deploy.0 = Release|ARM
		{74C4999B-9659-48BC-AB5C-326FF7E4BCE8}.Ad-Hoc|iPhone.ActiveCfg = Release|Any CPU
		{74C4999B-9659-48BC-AB5C-326FF7E4BCE8}.Ad-Hoc|iPhone.Build.0 = Release|Any CPU
		{74C4999B-9659-48BC-AB5C-326FF7E4BCE8}.Ad-Hoc|iPhone.Deploy.0 = Release|Any CPU
		{74C4999B-9659-48BC-AB5C-326FF7E4BCE8}.Ad-Hoc|iPhoneSimulator.ActiveCfg = Release|Any CPU
		{74C4999B-9659-48BC-AB5C-326FF7E4BCE8}.Ad-Hoc|iPhoneSimulator.Build.0 = Release|Any CPU
		{74C4999B-9659-48BC-AB5C-326FF7E4BCE8}.Ad-Hoc|iPhoneSimulator.Deploy.0 = Release|Any CPU
		{74C4999B-9659-48BC-AB5C-326FF7E4BCE8}.Ad-Hoc|x64.ActiveCfg = Release|Any CPU
		{74C4999B-9659-48BC-AB5C-326FF7E4BCE8}.Ad-Hoc|x64.Build.0 = Release|Any CPU
		{74C4999B-9659-48BC-AB5C-326FF7E4BCE8}.Ad-Hoc|x64.Deploy.0 = Release|Any CPU
		{74C4999B-9659-48BC-AB5C-326FF7E4BCE8}.Ad-Hoc|x86.ActiveCfg = Release|x86
		{74C4999B-9659-48BC-AB5C-326FF7E4BCE8}.Ad-Hoc|x86.Build.0 = Release|x86
		{74C4999B-9659-48BC-AB5C-326FF7E4BCE8}.Ad-Hoc|x86.Deploy.0 = Release|x86
		{74C4999B-9659-48BC-AB5C-326FF7E4BCE8}.AppStore|Any CPU.ActiveCfg = Release|Any CPU
		{74C4999B-9659-48BC-AB5C-326FF7E4BCE8}.AppStore|Any CPU.Build.0 = Release|Any CPU
		{74C4999B-9659-48BC-AB5C-326FF7E4BCE8}.AppStore|Any CPU.Deploy.0 = Release|Any CPU
		{74C4999B-9659-48BC-AB5C-326FF7E4BCE8}.AppStore|ARM.ActiveCfg = Release|ARM
		{74C4999B-9659-48BC-AB5C-326FF7E4BCE8}.AppStore|ARM.Build.0 = Release|ARM
		{74C4999B-9659-48BC-AB5C-326FF7E4BCE8}.AppStore|ARM.Deploy.0 = Release|ARM
		{74C4999B-9659-48BC-AB5C-326FF7E4BCE8}.AppStore|iPhone.ActiveCfg = Release|Any CPU
		{74C4999B-9659-48BC-AB5C-326FF7E4BCE8}.AppStore|iPhone.Build.0 = Release|Any CPU
		{74C4999B-9659-48BC-AB5C-326FF7E4BCE8}.AppStore|iPhone.Deploy.0 = Release|Any CPU
		{74C4999B-9659-48BC-AB5C-326FF7E4BCE8}.AppStore|iPhoneSimulator.ActiveCfg = Release|Any CPU
		{74C4999B-9659-48BC-AB5C-326FF7E4BCE8}.AppStore|iPhoneSimulator.Build.0 = Release|Any CPU
		{74C4999B-9659-48BC-AB5C-326FF7E4BCE8}.AppStore|iPhoneSimulator.Deploy.0 = Release|Any CPU
		{74C4999B-9659-48BC-AB5C-326FF7E4BCE8}.AppStore|x64.ActiveCfg = Release|Any CPU
		{74C4999B-9659-48BC-AB5C-326FF7E4BCE8}.AppStore|x64.Build.0 = Release|Any CPU
		{74C4999B-9659-48BC-AB5C-326FF7E4BCE8}.AppStore|x64.Deploy.0 = Release|Any CPU
		{74C4999B-9659-48BC-AB5C-326FF7E4BCE8}.AppStore|x86.ActiveCfg = Release|x86
		{74C4999B-9659-48BC-AB5C-326FF7E4BCE8}.AppStore|x86.Build.0 = Release|x86
		{74C4999B-9659-48BC-AB5C-326FF7E4BCE8}.AppStore|x86.Deploy.0 = Release|x86
		{74C4999B-9659-48BC-AB5C-326FF7E4BCE8}.Debug|Any CPU.ActiveCfg = Debug|Any CPU
		{74C4999B-9659-48BC-AB5C-326FF7E4BCE8}.Debug|Any CPU.Build.0 = Debug|Any CPU
		{74C4999B-9659-48BC-AB5C-326FF7E4BCE8}.Debug|Any CPU.Deploy.0 = Debug|Any CPU
		{74C4999B-9659-48BC-AB5C-326FF7E4BCE8}.Debug|ARM.ActiveCfg = Debug|ARM
		{74C4999B-9659-48BC-AB5C-326FF7E4BCE8}.Debug|ARM.Build.0 = Debug|ARM
		{74C4999B-9659-48BC-AB5C-326FF7E4BCE8}.Debug|ARM.Deploy.0 = Debug|ARM
		{74C4999B-9659-48BC-AB5C-326FF7E4BCE8}.Debug|iPhone.ActiveCfg = Debug|Any CPU
		{74C4999B-9659-48BC-AB5C-326FF7E4BCE8}.Debug|iPhone.Build.0 = Debug|Any CPU
		{74C4999B-9659-48BC-AB5C-326FF7E4BCE8}.Debug|iPhone.Deploy.0 = Debug|Any CPU
		{74C4999B-9659-48BC-AB5C-326FF7E4BCE8}.Debug|iPhoneSimulator.ActiveCfg = Debug|Any CPU
		{74C4999B-9659-48BC-AB5C-326FF7E4BCE8}.Debug|iPhoneSimulator.Build.0 = Debug|Any CPU
		{74C4999B-9659-48BC-AB5C-326FF7E4BCE8}.Debug|iPhoneSimulator.Deploy.0 = Debug|Any CPU
		{74C4999B-9659-48BC-AB5C-326FF7E4BCE8}.Debug|x64.ActiveCfg = Debug|Any CPU
		{74C4999B-9659-48BC-AB5C-326FF7E4BCE8}.Debug|x64.Build.0 = Debug|Any CPU
		{74C4999B-9659-48BC-AB5C-326FF7E4BCE8}.Debug|x64.Deploy.0 = Debug|Any CPU
		{74C4999B-9659-48BC-AB5C-326FF7E4BCE8}.Debug|x86.ActiveCfg = Debug|x86
		{74C4999B-9659-48BC-AB5C-326FF7E4BCE8}.Debug|x86.Build.0 = Debug|x86
		{74C4999B-9659-48BC-AB5C-326FF7E4BCE8}.Debug|x86.Deploy.0 = Debug|x86
		{74C4999B-9659-48BC-AB5C-326FF7E4BCE8}.Release|Any CPU.ActiveCfg = Release|Any CPU
		{74C4999B-9659-48BC-AB5C-326FF7E4BCE8}.Release|Any CPU.Build.0 = Release|Any CPU
		{74C4999B-9659-48BC-AB5C-326FF7E4BCE8}.Release|Any CPU.Deploy.0 = Release|Any CPU
		{74C4999B-9659-48BC-AB5C-326FF7E4BCE8}.Release|ARM.ActiveCfg = Release|ARM
		{74C4999B-9659-48BC-AB5C-326FF7E4BCE8}.Release|ARM.Build.0 = Release|ARM
		{74C4999B-9659-48BC-AB5C-326FF7E4BCE8}.Release|ARM.Deploy.0 = Release|ARM
		{74C4999B-9659-48BC-AB5C-326FF7E4BCE8}.Release|iPhone.ActiveCfg = Release|Any CPU
		{74C4999B-9659-48BC-AB5C-326FF7E4BCE8}.Release|iPhone.Build.0 = Release|Any CPU
		{74C4999B-9659-48BC-AB5C-326FF7E4BCE8}.Release|iPhone.Deploy.0 = Release|Any CPU
		{74C4999B-9659-48BC-AB5C-326FF7E4BCE8}.Release|iPhoneSimulator.ActiveCfg = Release|Any CPU
		{74C4999B-9659-48BC-AB5C-326FF7E4BCE8}.Release|iPhoneSimulator.Build.0 = Release|Any CPU
		{74C4999B-9659-48BC-AB5C-326FF7E4BCE8}.Release|iPhoneSimulator.Deploy.0 = Release|Any CPU
		{74C4999B-9659-48BC-AB5C-326FF7E4BCE8}.Release|x64.ActiveCfg = Release|Any CPU
		{74C4999B-9659-48BC-AB5C-326FF7E4BCE8}.Release|x64.Build.0 = Release|Any CPU
		{74C4999B-9659-48BC-AB5C-326FF7E4BCE8}.Release|x64.Deploy.0 = Release|Any CPU
		{74C4999B-9659-48BC-AB5C-326FF7E4BCE8}.Release|x86.ActiveCfg = Release|x86
		{74C4999B-9659-48BC-AB5C-326FF7E4BCE8}.Release|x86.Build.0 = Release|x86
		{74C4999B-9659-48BC-AB5C-326FF7E4BCE8}.Release|x86.Deploy.0 = Release|x86
		{1A9E0A37-95B6-4BBF-81C7-18E07E6BB537}.Ad-Hoc|Any CPU.ActiveCfg = Release|x86
		{1A9E0A37-95B6-4BBF-81C7-18E07E6BB537}.Ad-Hoc|Any CPU.Build.0 = Release|x86
		{1A9E0A37-95B6-4BBF-81C7-18E07E6BB537}.Ad-Hoc|Any CPU.Deploy.0 = Release|x86
		{1A9E0A37-95B6-4BBF-81C7-18E07E6BB537}.Ad-Hoc|ARM.ActiveCfg = Release|ARM
		{1A9E0A37-95B6-4BBF-81C7-18E07E6BB537}.Ad-Hoc|ARM.Build.0 = Release|ARM
		{1A9E0A37-95B6-4BBF-81C7-18E07E6BB537}.Ad-Hoc|ARM.Deploy.0 = Release|ARM
		{1A9E0A37-95B6-4BBF-81C7-18E07E6BB537}.Ad-Hoc|iPhone.ActiveCfg = Release|x86
		{1A9E0A37-95B6-4BBF-81C7-18E07E6BB537}.Ad-Hoc|iPhone.Build.0 = Release|x86
		{1A9E0A37-95B6-4BBF-81C7-18E07E6BB537}.Ad-Hoc|iPhone.Deploy.0 = Release|x86
		{1A9E0A37-95B6-4BBF-81C7-18E07E6BB537}.Ad-Hoc|iPhoneSimulator.ActiveCfg = Release|x86
		{1A9E0A37-95B6-4BBF-81C7-18E07E6BB537}.Ad-Hoc|iPhoneSimulator.Build.0 = Release|x86
		{1A9E0A37-95B6-4BBF-81C7-18E07E6BB537}.Ad-Hoc|iPhoneSimulator.Deploy.0 = Release|x86
		{1A9E0A37-95B6-4BBF-81C7-18E07E6BB537}.Ad-Hoc|x64.ActiveCfg = Release|x64
		{1A9E0A37-95B6-4BBF-81C7-18E07E6BB537}.Ad-Hoc|x64.Build.0 = Release|x64
		{1A9E0A37-95B6-4BBF-81C7-18E07E6BB537}.Ad-Hoc|x64.Deploy.0 = Release|x64
		{1A9E0A37-95B6-4BBF-81C7-18E07E6BB537}.Ad-Hoc|x86.ActiveCfg = Release|x86
		{1A9E0A37-95B6-4BBF-81C7-18E07E6BB537}.Ad-Hoc|x86.Build.0 = Release|x86
		{1A9E0A37-95B6-4BBF-81C7-18E07E6BB537}.Ad-Hoc|x86.Deploy.0 = Release|x86
		{1A9E0A37-95B6-4BBF-81C7-18E07E6BB537}.AppStore|Any CPU.ActiveCfg = Release|x86
		{1A9E0A37-95B6-4BBF-81C7-18E07E6BB537}.AppStore|Any CPU.Build.0 = Release|x86
		{1A9E0A37-95B6-4BBF-81C7-18E07E6BB537}.AppStore|Any CPU.Deploy.0 = Release|x86
		{1A9E0A37-95B6-4BBF-81C7-18E07E6BB537}.AppStore|ARM.ActiveCfg = Release|ARM
		{1A9E0A37-95B6-4BBF-81C7-18E07E6BB537}.AppStore|ARM.Build.0 = Release|ARM
		{1A9E0A37-95B6-4BBF-81C7-18E07E6BB537}.AppStore|ARM.Deploy.0 = Release|ARM
		{1A9E0A37-95B6-4BBF-81C7-18E07E6BB537}.AppStore|iPhone.ActiveCfg = Release|x86
		{1A9E0A37-95B6-4BBF-81C7-18E07E6BB537}.AppStore|iPhone.Build.0 = Release|x86
		{1A9E0A37-95B6-4BBF-81C7-18E07E6BB537}.AppStore|iPhone.Deploy.0 = Release|x86
		{1A9E0A37-95B6-4BBF-81C7-18E07E6BB537}.AppStore|iPhoneSimulator.ActiveCfg = Release|x86
		{1A9E0A37-95B6-4BBF-81C7-18E07E6BB537}.AppStore|iPhoneSimulator.Build.0 = Release|x86
		{1A9E0A37-95B6-4BBF-81C7-18E07E6BB537}.AppStore|iPhoneSimulator.Deploy.0 = Release|x86
		{1A9E0A37-95B6-4BBF-81C7-18E07E6BB537}.AppStore|x64.ActiveCfg = Release|x64
		{1A9E0A37-95B6-4BBF-81C7-18E07E6BB537}.AppStore|x64.Build.0 = Release|x64
		{1A9E0A37-95B6-4BBF-81C7-18E07E6BB537}.AppStore|x64.Deploy.0 = Release|x64
		{1A9E0A37-95B6-4BBF-81C7-18E07E6BB537}.AppStore|x86.ActiveCfg = Release|x86
		{1A9E0A37-95B6-4BBF-81C7-18E07E6BB537}.AppStore|x86.Build.0 = Release|x86
		{1A9E0A37-95B6-4BBF-81C7-18E07E6BB537}.AppStore|x86.Deploy.0 = Release|x86
		{1A9E0A37-95B6-4BBF-81C7-18E07E6BB537}.Debug|Any CPU.ActiveCfg = Debug|x86
		{1A9E0A37-95B6-4BBF-81C7-18E07E6BB537}.Debug|ARM.ActiveCfg = Debug|ARM
		{1A9E0A37-95B6-4BBF-81C7-18E07E6BB537}.Debug|ARM.Build.0 = Debug|ARM
		{1A9E0A37-95B6-4BBF-81C7-18E07E6BB537}.Debug|ARM.Deploy.0 = Debug|ARM
		{1A9E0A37-95B6-4BBF-81C7-18E07E6BB537}.Debug|iPhone.ActiveCfg = Debug|x86
		{1A9E0A37-95B6-4BBF-81C7-18E07E6BB537}.Debug|iPhoneSimulator.ActiveCfg = Debug|x86
		{1A9E0A37-95B6-4BBF-81C7-18E07E6BB537}.Debug|x64.ActiveCfg = Debug|x64
		{1A9E0A37-95B6-4BBF-81C7-18E07E6BB537}.Debug|x64.Build.0 = Debug|x64
		{1A9E0A37-95B6-4BBF-81C7-18E07E6BB537}.Debug|x64.Deploy.0 = Debug|x64
		{1A9E0A37-95B6-4BBF-81C7-18E07E6BB537}.Debug|x86.ActiveCfg = Debug|x86
		{1A9E0A37-95B6-4BBF-81C7-18E07E6BB537}.Debug|x86.Build.0 = Debug|x86
		{1A9E0A37-95B6-4BBF-81C7-18E07E6BB537}.Debug|x86.Deploy.0 = Debug|x86
		{1A9E0A37-95B6-4BBF-81C7-18E07E6BB537}.Release|Any CPU.ActiveCfg = Release|x86
		{1A9E0A37-95B6-4BBF-81C7-18E07E6BB537}.Release|ARM.ActiveCfg = Release|ARM
		{1A9E0A37-95B6-4BBF-81C7-18E07E6BB537}.Release|ARM.Build.0 = Release|ARM
		{1A9E0A37-95B6-4BBF-81C7-18E07E6BB537}.Release|ARM.Deploy.0 = Release|ARM
		{1A9E0A37-95B6-4BBF-81C7-18E07E6BB537}.Release|iPhone.ActiveCfg = Release|x86
		{1A9E0A37-95B6-4BBF-81C7-18E07E6BB537}.Release|iPhoneSimulator.ActiveCfg = Release|x86
		{1A9E0A37-95B6-4BBF-81C7-18E07E6BB537}.Release|x64.ActiveCfg = Release|x64
		{1A9E0A37-95B6-4BBF-81C7-18E07E6BB537}.Release|x64.Build.0 = Release|x64
		{1A9E0A37-95B6-4BBF-81C7-18E07E6BB537}.Release|x64.Deploy.0 = Release|x64
		{1A9E0A37-95B6-4BBF-81C7-18E07E6BB537}.Release|x86.ActiveCfg = Release|x86
		{1A9E0A37-95B6-4BBF-81C7-18E07E6BB537}.Release|x86.Build.0 = Release|x86
		{1A9E0A37-95B6-4BBF-81C7-18E07E6BB537}.Release|x86.Deploy.0 = Release|x86
		{F02D4842-79A4-49E9-BBD7-A6C6BFD82EC3}.Ad-Hoc|Any CPU.ActiveCfg = Release|Any CPU
		{F02D4842-79A4-49E9-BBD7-A6C6BFD82EC3}.Ad-Hoc|Any CPU.Build.0 = Release|Any CPU
		{F02D4842-79A4-49E9-BBD7-A6C6BFD82EC3}.Ad-Hoc|Any CPU.Deploy.0 = Release|Any CPU
		{F02D4842-79A4-49E9-BBD7-A6C6BFD82EC3}.Ad-Hoc|ARM.ActiveCfg = Release|ARM
		{F02D4842-79A4-49E9-BBD7-A6C6BFD82EC3}.Ad-Hoc|ARM.Build.0 = Release|ARM
		{F02D4842-79A4-49E9-BBD7-A6C6BFD82EC3}.Ad-Hoc|ARM.Deploy.0 = Release|ARM
		{F02D4842-79A4-49E9-BBD7-A6C6BFD82EC3}.Ad-Hoc|iPhone.ActiveCfg = Release|Any CPU
		{F02D4842-79A4-49E9-BBD7-A6C6BFD82EC3}.Ad-Hoc|iPhone.Build.0 = Release|Any CPU
		{F02D4842-79A4-49E9-BBD7-A6C6BFD82EC3}.Ad-Hoc|iPhone.Deploy.0 = Release|Any CPU
		{F02D4842-79A4-49E9-BBD7-A6C6BFD82EC3}.Ad-Hoc|iPhoneSimulator.ActiveCfg = Release|Any CPU
		{F02D4842-79A4-49E9-BBD7-A6C6BFD82EC3}.Ad-Hoc|iPhoneSimulator.Build.0 = Release|Any CPU
		{F02D4842-79A4-49E9-BBD7-A6C6BFD82EC3}.Ad-Hoc|iPhoneSimulator.Deploy.0 = Release|Any CPU
		{F02D4842-79A4-49E9-BBD7-A6C6BFD82EC3}.Ad-Hoc|x64.ActiveCfg = Release|x64
		{F02D4842-79A4-49E9-BBD7-A6C6BFD82EC3}.Ad-Hoc|x64.Build.0 = Release|x64
		{F02D4842-79A4-49E9-BBD7-A6C6BFD82EC3}.Ad-Hoc|x64.Deploy.0 = Release|x64
		{F02D4842-79A4-49E9-BBD7-A6C6BFD82EC3}.Ad-Hoc|x86.ActiveCfg = Release|x86
		{F02D4842-79A4-49E9-BBD7-A6C6BFD82EC3}.Ad-Hoc|x86.Build.0 = Release|x86
		{F02D4842-79A4-49E9-BBD7-A6C6BFD82EC3}.Ad-Hoc|x86.Deploy.0 = Release|x86
		{F02D4842-79A4-49E9-BBD7-A6C6BFD82EC3}.AppStore|Any CPU.ActiveCfg = Release|Any CPU
		{F02D4842-79A4-49E9-BBD7-A6C6BFD82EC3}.AppStore|Any CPU.Build.0 = Release|Any CPU
		{F02D4842-79A4-49E9-BBD7-A6C6BFD82EC3}.AppStore|Any CPU.Deploy.0 = Release|Any CPU
		{F02D4842-79A4-49E9-BBD7-A6C6BFD82EC3}.AppStore|ARM.ActiveCfg = Release|ARM
		{F02D4842-79A4-49E9-BBD7-A6C6BFD82EC3}.AppStore|ARM.Build.0 = Release|ARM
		{F02D4842-79A4-49E9-BBD7-A6C6BFD82EC3}.AppStore|ARM.Deploy.0 = Release|ARM
		{F02D4842-79A4-49E9-BBD7-A6C6BFD82EC3}.AppStore|iPhone.ActiveCfg = Release|Any CPU
		{F02D4842-79A4-49E9-BBD7-A6C6BFD82EC3}.AppStore|iPhone.Build.0 = Release|Any CPU
		{F02D4842-79A4-49E9-BBD7-A6C6BFD82EC3}.AppStore|iPhone.Deploy.0 = Release|Any CPU
		{F02D4842-79A4-49E9-BBD7-A6C6BFD82EC3}.AppStore|iPhoneSimulator.ActiveCfg = Release|Any CPU
		{F02D4842-79A4-49E9-BBD7-A6C6BFD82EC3}.AppStore|iPhoneSimulator.Build.0 = Release|Any CPU
		{F02D4842-79A4-49E9-BBD7-A6C6BFD82EC3}.AppStore|iPhoneSimulator.Deploy.0 = Release|Any CPU
		{F02D4842-79A4-49E9-BBD7-A6C6BFD82EC3}.AppStore|x64.ActiveCfg = Release|x64
		{F02D4842-79A4-49E9-BBD7-A6C6BFD82EC3}.AppStore|x64.Build.0 = Release|x64
		{F02D4842-79A4-49E9-BBD7-A6C6BFD82EC3}.AppStore|x64.Deploy.0 = Release|x64
		{F02D4842-79A4-49E9-BBD7-A6C6BFD82EC3}.AppStore|x86.ActiveCfg = Release|x86
		{F02D4842-79A4-49E9-BBD7-A6C6BFD82EC3}.AppStore|x86.Build.0 = Release|x86
		{F02D4842-79A4-49E9-BBD7-A6C6BFD82EC3}.AppStore|x86.Deploy.0 = Release|x86
		{F02D4842-79A4-49E9-BBD7-A6C6BFD82EC3}.Debug|Any CPU.ActiveCfg = Debug|Any CPU
		{F02D4842-79A4-49E9-BBD7-A6C6BFD82EC3}.Debug|Any CPU.Build.0 = Debug|Any CPU
		{F02D4842-79A4-49E9-BBD7-A6C6BFD82EC3}.Debug|Any CPU.Deploy.0 = Debug|Any CPU
		{F02D4842-79A4-49E9-BBD7-A6C6BFD82EC3}.Debug|ARM.ActiveCfg = Debug|ARM
		{F02D4842-79A4-49E9-BBD7-A6C6BFD82EC3}.Debug|ARM.Build.0 = Debug|ARM
		{F02D4842-79A4-49E9-BBD7-A6C6BFD82EC3}.Debug|ARM.Deploy.0 = Debug|ARM
		{F02D4842-79A4-49E9-BBD7-A6C6BFD82EC3}.Debug|iPhone.ActiveCfg = Debug|Any CPU
		{F02D4842-79A4-49E9-BBD7-A6C6BFD82EC3}.Debug|iPhone.Build.0 = Debug|Any CPU
		{F02D4842-79A4-49E9-BBD7-A6C6BFD82EC3}.Debug|iPhone.Deploy.0 = Debug|Any CPU
		{F02D4842-79A4-49E9-BBD7-A6C6BFD82EC3}.Debug|iPhoneSimulator.ActiveCfg = Debug|Any CPU
		{F02D4842-79A4-49E9-BBD7-A6C6BFD82EC3}.Debug|iPhoneSimulator.Build.0 = Debug|Any CPU
		{F02D4842-79A4-49E9-BBD7-A6C6BFD82EC3}.Debug|iPhoneSimulator.Deploy.0 = Debug|Any CPU
		{F02D4842-79A4-49E9-BBD7-A6C6BFD82EC3}.Debug|x64.ActiveCfg = Debug|x64
		{F02D4842-79A4-49E9-BBD7-A6C6BFD82EC3}.Debug|x64.Build.0 = Debug|x64
		{F02D4842-79A4-49E9-BBD7-A6C6BFD82EC3}.Debug|x64.Deploy.0 = Debug|x64
		{F02D4842-79A4-49E9-BBD7-A6C6BFD82EC3}.Debug|x86.ActiveCfg = Debug|x86
		{F02D4842-79A4-49E9-BBD7-A6C6BFD82EC3}.Debug|x86.Build.0 = Debug|x86
		{F02D4842-79A4-49E9-BBD7-A6C6BFD82EC3}.Debug|x86.Deploy.0 = Debug|x86
		{F02D4842-79A4-49E9-BBD7-A6C6BFD82EC3}.Release|Any CPU.ActiveCfg = Release|Any CPU
		{F02D4842-79A4-49E9-BBD7-A6C6BFD82EC3}.Release|Any CPU.Build.0 = Release|Any CPU
		{F02D4842-79A4-49E9-BBD7-A6C6BFD82EC3}.Release|Any CPU.Deploy.0 = Release|Any CPU
		{F02D4842-79A4-49E9-BBD7-A6C6BFD82EC3}.Release|ARM.ActiveCfg = Release|ARM
		{F02D4842-79A4-49E9-BBD7-A6C6BFD82EC3}.Release|ARM.Build.0 = Release|ARM
		{F02D4842-79A4-49E9-BBD7-A6C6BFD82EC3}.Release|ARM.Deploy.0 = Release|ARM
		{F02D4842-79A4-49E9-BBD7-A6C6BFD82EC3}.Release|iPhone.ActiveCfg = Release|Any CPU
		{F02D4842-79A4-49E9-BBD7-A6C6BFD82EC3}.Release|iPhone.Build.0 = Release|Any CPU
		{F02D4842-79A4-49E9-BBD7-A6C6BFD82EC3}.Release|iPhone.Deploy.0 = Release|Any CPU
		{F02D4842-79A4-49E9-BBD7-A6C6BFD82EC3}.Release|iPhoneSimulator.ActiveCfg = Release|Any CPU
		{F02D4842-79A4-49E9-BBD7-A6C6BFD82EC3}.Release|iPhoneSimulator.Build.0 = Release|Any CPU
		{F02D4842-79A4-49E9-BBD7-A6C6BFD82EC3}.Release|iPhoneSimulator.Deploy.0 = Release|Any CPU
		{F02D4842-79A4-49E9-BBD7-A6C6BFD82EC3}.Release|x64.ActiveCfg = Release|x64
		{F02D4842-79A4-49E9-BBD7-A6C6BFD82EC3}.Release|x64.Build.0 = Release|x64
		{F02D4842-79A4-49E9-BBD7-A6C6BFD82EC3}.Release|x64.Deploy.0 = Release|x64
		{F02D4842-79A4-49E9-BBD7-A6C6BFD82EC3}.Release|x86.ActiveCfg = Release|x86
		{F02D4842-79A4-49E9-BBD7-A6C6BFD82EC3}.Release|x86.Build.0 = Release|x86
		{F02D4842-79A4-49E9-BBD7-A6C6BFD82EC3}.Release|x86.Deploy.0 = Release|x86
		{A688BA00-2374-4A51-AFF4-02FDE3833A5C}.Ad-Hoc|Any CPU.ActiveCfg = Release|Any CPU
		{A688BA00-2374-4A51-AFF4-02FDE3833A5C}.Ad-Hoc|Any CPU.Build.0 = Release|Any CPU
		{A688BA00-2374-4A51-AFF4-02FDE3833A5C}.Ad-Hoc|ARM.ActiveCfg = Release|Any CPU
		{A688BA00-2374-4A51-AFF4-02FDE3833A5C}.Ad-Hoc|ARM.Build.0 = Release|Any CPU
		{A688BA00-2374-4A51-AFF4-02FDE3833A5C}.Ad-Hoc|iPhone.ActiveCfg = Release|Any CPU
		{A688BA00-2374-4A51-AFF4-02FDE3833A5C}.Ad-Hoc|iPhone.Build.0 = Release|Any CPU
		{A688BA00-2374-4A51-AFF4-02FDE3833A5C}.Ad-Hoc|iPhoneSimulator.ActiveCfg = Release|Any CPU
		{A688BA00-2374-4A51-AFF4-02FDE3833A5C}.Ad-Hoc|iPhoneSimulator.Build.0 = Release|Any CPU
		{A688BA00-2374-4A51-AFF4-02FDE3833A5C}.Ad-Hoc|x64.ActiveCfg = Release|Any CPU
		{A688BA00-2374-4A51-AFF4-02FDE3833A5C}.Ad-Hoc|x64.Build.0 = Release|Any CPU
		{A688BA00-2374-4A51-AFF4-02FDE3833A5C}.Ad-Hoc|x86.ActiveCfg = Release|Any CPU
		{A688BA00-2374-4A51-AFF4-02FDE3833A5C}.Ad-Hoc|x86.Build.0 = Release|Any CPU
		{A688BA00-2374-4A51-AFF4-02FDE3833A5C}.AppStore|Any CPU.ActiveCfg = Release|Any CPU
		{A688BA00-2374-4A51-AFF4-02FDE3833A5C}.AppStore|Any CPU.Build.0 = Release|Any CPU
		{A688BA00-2374-4A51-AFF4-02FDE3833A5C}.AppStore|ARM.ActiveCfg = Release|Any CPU
		{A688BA00-2374-4A51-AFF4-02FDE3833A5C}.AppStore|ARM.Build.0 = Release|Any CPU
		{A688BA00-2374-4A51-AFF4-02FDE3833A5C}.AppStore|iPhone.ActiveCfg = Release|Any CPU
		{A688BA00-2374-4A51-AFF4-02FDE3833A5C}.AppStore|iPhone.Build.0 = Release|Any CPU
		{A688BA00-2374-4A51-AFF4-02FDE3833A5C}.AppStore|iPhoneSimulator.ActiveCfg = Release|Any CPU
		{A688BA00-2374-4A51-AFF4-02FDE3833A5C}.AppStore|iPhoneSimulator.Build.0 = Release|Any CPU
		{A688BA00-2374-4A51-AFF4-02FDE3833A5C}.AppStore|x64.ActiveCfg = Release|Any CPU
		{A688BA00-2374-4A51-AFF4-02FDE3833A5C}.AppStore|x64.Build.0 = Release|Any CPU
		{A688BA00-2374-4A51-AFF4-02FDE3833A5C}.AppStore|x86.ActiveCfg = Release|Any CPU
		{A688BA00-2374-4A51-AFF4-02FDE3833A5C}.AppStore|x86.Build.0 = Release|Any CPU
		{A688BA00-2374-4A51-AFF4-02FDE3833A5C}.Debug|Any CPU.ActiveCfg = Debug|Any CPU
		{A688BA00-2374-4A51-AFF4-02FDE3833A5C}.Debug|Any CPU.Build.0 = Debug|Any CPU
		{A688BA00-2374-4A51-AFF4-02FDE3833A5C}.Debug|ARM.ActiveCfg = Debug|Any CPU
		{A688BA00-2374-4A51-AFF4-02FDE3833A5C}.Debug|ARM.Build.0 = Debug|Any CPU
		{A688BA00-2374-4A51-AFF4-02FDE3833A5C}.Debug|iPhone.ActiveCfg = Debug|Any CPU
		{A688BA00-2374-4A51-AFF4-02FDE3833A5C}.Debug|iPhone.Build.0 = Debug|Any CPU
		{A688BA00-2374-4A51-AFF4-02FDE3833A5C}.Debug|iPhoneSimulator.ActiveCfg = Debug|Any CPU
		{A688BA00-2374-4A51-AFF4-02FDE3833A5C}.Debug|iPhoneSimulator.Build.0 = Debug|Any CPU
		{A688BA00-2374-4A51-AFF4-02FDE3833A5C}.Debug|x64.ActiveCfg = Debug|Any CPU
		{A688BA00-2374-4A51-AFF4-02FDE3833A5C}.Debug|x64.Build.0 = Debug|Any CPU
		{A688BA00-2374-4A51-AFF4-02FDE3833A5C}.Debug|x86.ActiveCfg = Debug|Any CPU
		{A688BA00-2374-4A51-AFF4-02FDE3833A5C}.Debug|x86.Build.0 = Debug|Any CPU
		{A688BA00-2374-4A51-AFF4-02FDE3833A5C}.Release|Any CPU.ActiveCfg = Release|Any CPU
		{A688BA00-2374-4A51-AFF4-02FDE3833A5C}.Release|Any CPU.Build.0 = Release|Any CPU
		{A688BA00-2374-4A51-AFF4-02FDE3833A5C}.Release|ARM.ActiveCfg = Release|Any CPU
		{A688BA00-2374-4A51-AFF4-02FDE3833A5C}.Release|ARM.Build.0 = Release|Any CPU
		{A688BA00-2374-4A51-AFF4-02FDE3833A5C}.Release|iPhone.ActiveCfg = Release|Any CPU
		{A688BA00-2374-4A51-AFF4-02FDE3833A5C}.Release|iPhone.Build.0 = Release|Any CPU
		{A688BA00-2374-4A51-AFF4-02FDE3833A5C}.Release|iPhoneSimulator.ActiveCfg = Release|Any CPU
		{A688BA00-2374-4A51-AFF4-02FDE3833A5C}.Release|iPhoneSimulator.Build.0 = Release|Any CPU
		{A688BA00-2374-4A51-AFF4-02FDE3833A5C}.Release|x64.ActiveCfg = Release|Any CPU
		{A688BA00-2374-4A51-AFF4-02FDE3833A5C}.Release|x64.Build.0 = Release|Any CPU
		{A688BA00-2374-4A51-AFF4-02FDE3833A5C}.Release|x86.ActiveCfg = Release|Any CPU
		{A688BA00-2374-4A51-AFF4-02FDE3833A5C}.Release|x86.Build.0 = Release|Any CPU
	EndGlobalSection
	GlobalSection(SolutionProperties) = preSolution
		HideSolutionNode = FALSE
	EndGlobalSection
EndGlobal
